
Microsoft Visual Studio Solution File, Format Version 12.00
# Visual Studio Version 16
VisualStudioVersion = 16.0.30413.136
MinimumVisualStudioVersion = 10.0.40219.1
Project("{FAE04EC0-301F-11D3-BF4B-00C04F79EFBC}") = "ConsoleAppTaskDemo", "ConsoleAppTaskDemo\ConsoleAppTaskDemo.csproj", "{0A1555DE-EFBD-41B0-85B0-B4343349A7F8}"
EndProject
Project("{FAE04EC0-301F-11D3-BF4B-00C04F79EFBC}") = "ConsoleApp1", "ConsoleApp1\ConsoleApp1.csproj", "{F44CCAEC-26E8-4A63-8E18-966146F85C91}"
EndProject
Project("{FAE04EC0-301F-11D3-BF4B-00C04F79EFBC}") = "ConsoleAppAsyncAwait", "ConsoleAppAsyncAwait\ConsoleAppAsyncAwait.csproj", "{398F4E1E-7E3B-471D-BBE6-587B67D94500}"
EndProject
Project("{FAE04EC0-301F-11D3-BF4B-00C04F79EFBC}") = "ConsoleApp2_daiyoufanhuizhi", "ConsoleApp2_daiyoufanhuizhi\ConsoleApp2_daiyoufanhuizhi.csproj", "{B980FB98-FA43-46C2-AF64-887A57494B87}"
EndProject
Project("{2150E333-8FDC-42A3-9474-1A3956D46DE8}") = "组合任务", "组合任务", "{494E7C14-9EF3-40E3-9630-DBD6FAA13EAA}"
EndProject
Project("{FAE04EC0-301F-11D3-BF4B-00C04F79EFBC}") = "2.2.1", "2.2.1\2.2.1.csproj", "{9582AE44-8FA1-433A-82D0-CAB733C5F6C4}"
EndProject
Project("{2150E333-8FDC-42A3-9474-1A3956D46DE8}") = "Demo", "Demo", "{B238A4B9-E28E-4698-A56C-9D295EA18853}"
EndProject
Project("{FAE04EC0-301F-11D3-BF4B-00C04F79EFBC}") = "2.2.2", "2.2.2\2.2.2.csproj", "{3AEB2E00-D8A7-4A72-90CB-C3549C1A8AFF}"
EndProject
Project("{FAE04EC0-301F-11D3-BF4B-00C04F79EFBC}") = "2.2.3", "2.2.3\2.2.3.csproj", "{A5ABF48C-9E23-46E2-94C2-90A80D7DF4F8}"
EndProject
Project("{FAE04EC0-301F-11D3-BF4B-00C04F79EFBC}") = "2.2.4", "2.2.4\2.2.4.csproj", "{3EFF81ED-DD78-4823-9635-6AD640CEDBA1}"
EndProject
Project("{FAE04EC0-301F-11D3-BF4B-00C04F79EFBC}") = "2.3", "2.3\2.3.csproj", "{992CC30D-7868-498B-80C2-0EEC31A44010}"
EndProject
Project("{FAE04EC0-301F-11D3-BF4B-00C04F79EFBC}") = "2.4.1", "2.4.1\2.4.1.csproj", "{D303E895-3BCC-4FB1-921D-F5CE1F4F6C68}"
EndProject
Project("{FAE04EC0-301F-11D3-BF4B-00C04F79EFBC}") = "2.4.2", "2.4.2\2.4.2.csproj", "{F3158F73-6D2C-4B6F-A5EB-3E67586A61E1}"
EndProject
Project("{FAE04EC0-301F-11D3-BF4B-00C04F79EFBC}") = "2.4.3", "2.4.3\2.4.3.csproj", "{40805326-506E-49D1-B13E-65A68BB74298}"
EndProject
Project("{FAE04EC0-301F-11D3-BF4B-00C04F79EFBC}") = "2.5", "2.5\2.5.csproj", "{3F532CED-7D46-474A-934F-9101DC91CE49}"
EndProject
Project("{FAE04EC0-301F-11D3-BF4B-00C04F79EFBC}") = "2.6", "2.6\2.6.csproj", "{2F676007-6A21-4CD9-AB16-159350CC5FD6}"
EndProject
Project("{FAE04EC0-301F-11D3-BF4B-00C04F79EFBC}") = "2.7.1", "2.7.1\2.7.1.csproj", "{30241B49-09D6-4C57-954C-129B229C803E}"
EndProject
Project("{FAE04EC0-301F-11D3-BF4B-00C04F79EFBC}") = "2.7.2", "2.7.2\2.7.2.csproj", "{ECE56495-AF80-4C14-9697-90B7E342D927}"
EndProject
Project("{FAE04EC0-301F-11D3-BF4B-00C04F79EFBC}") = "ConsoleApp2", "ConsoleApp2\ConsoleApp2.csproj", "{7ECA19E7-8279-4742-8420-1069810503DA}"
EndProject
Project("{FAE04EC0-301F-11D3-BF4B-00C04F79EFBC}") = "ConsoleApp3", "ConsoleApp3\ConsoleApp3.csproj", "{6A2F8D93-02A0-4A58-B258-8DB7649BAE2B}"
EndProject
Project("{FAE04EC0-301F-11D3-BF4B-00C04F79EFBC}") = "WindowsFormsApp1", "WindowsFormsApp1\WindowsFormsApp1.csproj", "{5DEB8A73-6D5D-454B-8E29-8C9B1177BC23}"
EndProject
Global
	GlobalSection(SolutionConfigurationPlatforms) = preSolution
		Debug|Any CPU = Debug|Any CPU
		Release|Any CPU = Release|Any CPU
	EndGlobalSection
	GlobalSection(ProjectConfigurationPlatforms) = postSolution
		{0A1555DE-EFBD-41B0-85B0-B4343349A7F8}.Debug|Any CPU.ActiveCfg = Debug|Any CPU
		{0A1555DE-EFBD-41B0-85B0-B4343349A7F8}.Debug|Any CPU.Build.0 = Debug|Any CPU
		{0A1555DE-EFBD-41B0-85B0-B4343349A7F8}.Release|Any CPU.ActiveCfg = Release|Any CPU
		{0A1555DE-EFBD-41B0-85B0-B4343349A7F8}.Release|Any CPU.Build.0 = Release|Any CPU
		{F44CCAEC-26E8-4A63-8E18-966146F85C91}.Debug|Any CPU.ActiveCfg = Debug|Any CPU
		{F44CCAEC-26E8-4A63-8E18-966146F85C91}.Debug|Any CPU.Build.0 = Debug|Any CPU
		{F44CCAEC-26E8-4A63-8E18-966146F85C91}.Release|Any CPU.ActiveCfg = Release|Any CPU
		{F44CCAEC-26E8-4A63-8E18-966146F85C91}.Release|Any CPU.Build.0 = Release|Any CPU
		{398F4E1E-7E3B-471D-BBE6-587B67D94500}.Debug|Any CPU.ActiveCfg = Debug|Any CPU
		{398F4E1E-7E3B-471D-BBE6-587B67D94500}.Debug|Any CPU.Build.0 = Debug|Any CPU
		{398F4E1E-7E3B-471D-BBE6-587B67D94500}.Release|Any CPU.ActiveCfg = Release|Any CPU
		{398F4E1E-7E3B-471D-BBE6-587B67D94500}.Release|Any CPU.Build.0 = Release|Any CPU
		{B980FB98-FA43-46C2-AF64-887A57494B87}.Debug|Any CPU.ActiveCfg = Debug|Any CPU
		{B980FB98-FA43-46C2-AF64-887A57494B87}.Debug|Any CPU.Build.0 = Debug|Any CPU
		{B980FB98-FA43-46C2-AF64-887A57494B87}.Release|Any CPU.ActiveCfg = Release|Any CPU
		{B980FB98-FA43-46C2-AF64-887A57494B87}.Release|Any CPU.Build.0 = Release|Any CPU
		{9582AE44-8FA1-433A-82D0-CAB733C5F6C4}.Debug|Any CPU.ActiveCfg = Debug|Any CPU
		{9582AE44-8FA1-433A-82D0-CAB733C5F6C4}.Debug|Any CPU.Build.0 = Debug|Any CPU
		{9582AE44-8FA1-433A-82D0-CAB733C5F6C4}.Release|Any CPU.ActiveCfg = Release|Any CPU
		{9582AE44-8FA1-433A-82D0-CAB733C5F6C4}.Release|Any CPU.Build.0 = Release|Any CPU
		{3AEB2E00-D8A7-4A72-90CB-C3549C1A8AFF}.Debug|Any CPU.ActiveCfg = Debug|Any CPU
		{3AEB2E00-D8A7-4A72-90CB-C3549C1A8AFF}.Debug|Any CPU.Build.0 = Debug|Any CPU
		{3AEB2E00-D8A7-4A72-90CB-C3549C1A8AFF}.Release|Any CPU.ActiveCfg = Release|Any CPU
		{3AEB2E00-D8A7-4A72-90CB-C3549C1A8AFF}.Release|Any CPU.Build.0 = Release|Any CPU
		{A5ABF48C-9E23-46E2-94C2-90A80D7DF4F8}.Debug|Any CPU.ActiveCfg = Debug|Any CPU
		{A5ABF48C-9E23-46E2-94C2-90A80D7DF4F8}.Debug|Any CPU.Build.0 = Debug|Any CPU
		{A5ABF48C-9E23-46E2-94C2-90A80D7DF4F8}.Release|Any CPU.ActiveCfg = Release|Any CPU
		{A5ABF48C-9E23-46E2-94C2-90A80D7DF4F8}.Release|Any CPU.Build.0 = Release|Any CPU
		{3EFF81ED-DD78-4823-9635-6AD640CEDBA1}.Debug|Any CPU.ActiveCfg = Debug|Any CPU
		{3EFF81ED-DD78-4823-9635-6AD640CEDBA1}.Debug|Any CPU.Build.0 = Debug|Any CPU
		{3EFF81ED-DD78-4823-9635-6AD640CEDBA1}.Release|Any CPU.ActiveCfg = Release|Any CPU
		{3EFF81ED-DD78-4823-9635-6AD640CEDBA1}.Release|Any CPU.Build.0 = Release|Any CPU
		{992CC30D-7868-498B-80C2-0EEC31A44010}.Debug|Any CPU.ActiveCfg = Debug|Any CPU
		{992CC30D-7868-498B-80C2-0EEC31A44010}.Debug|Any CPU.Build.0 = Debug|Any CPU
		{992CC30D-7868-498B-80C2-0EEC31A44010}.Release|Any CPU.ActiveCfg = Release|Any CPU
		{992CC30D-7868-498B-80C2-0EEC31A44010}.Release|Any CPU.Build.0 = Release|Any CPU
		{D303E895-3BCC-4FB1-921D-F5CE1F4F6C68}.Debug|Any CPU.ActiveCfg = Debug|Any CPU
		{D303E895-3BCC-4FB1-921D-F5CE1F4F6C68}.Debug|Any CPU.Build.0 = Debug|Any CPU
		{D303E895-3BCC-4FB1-921D-F5CE1F4F6C68}.Release|Any CPU.ActiveCfg = Release|Any CPU
		{D303E895-3BCC-4FB1-921D-F5CE1F4F6C68}.Release|Any CPU.Build.0 = Release|Any CPU
		{F3158F73-6D2C-4B6F-A5EB-3E67586A61E1}.Debug|Any CPU.ActiveCfg = Debug|Any CPU
		{F3158F73-6D2C-4B6F-A5EB-3E67586A61E1}.Debug|Any CPU.Build.0 = Debug|Any CPU
		{F3158F73-6D2C-4B6F-A5EB-3E67586A61E1}.Release|Any CPU.ActiveCfg = Release|Any CPU
		{F3158F73-6D2C-4B6F-A5EB-3E67586A61E1}.Release|Any CPU.Build.0 = Release|Any CPU
		{40805326-506E-49D1-B13E-65A68BB74298}.Debug|Any CPU.ActiveCfg = Debug|Any CPU
		{40805326-506E-49D1-B13E-65A68BB74298}.Debug|Any CPU.Build.0 = Debug|Any CPU
		{40805326-506E-49D1-B13E-65A68BB74298}.Release|Any CPU.ActiveCfg = Release|Any CPU
		{40805326-506E-49D1-B13E-65A68BB74298}.Release|Any CPU.Build.0 = Release|Any CPU
		{3F532CED-7D46-474A-934F-9101DC91CE49}.Debug|Any CPU.ActiveCfg = Debug|Any CPU
		{3F532CED-7D46-474A-934F-9101DC91CE49}.Debug|Any CPU.Build.0 = Debug|Any CPU
		{3F532CED-7D46-474A-934F-9101DC91CE49}.Release|Any CPU.ActiveCfg = Release|Any CPU
		{3F532CED-7D46-474A-934F-9101DC91CE49}.Release|Any CPU.Build.0 = Release|Any CPU
		{2F676007-6A21-4CD9-AB16-159350CC5FD6}.Debug|Any CPU.ActiveCfg = Debug|Any CPU
		{2F676007-6A21-4CD9-AB16-159350CC5FD6}.Debug|Any CPU.Build.0 = Debug|Any CPU
		{2F676007-6A21-4CD9-AB16-159350CC5FD6}.Release|Any CPU.ActiveCfg = Release|Any CPU
		{2F676007-6A21-4CD9-AB16-159350CC5FD6}.Release|Any CPU.Build.0 = Release|Any CPU
		{30241B49-09D6-4C57-954C-129B229C803E}.Debug|Any CPU.ActiveCfg = Debug|Any CPU
		{30241B49-09D6-4C57-954C-129B229C803E}.Debug|Any CPU.Build.0 = Debug|Any CPU
		{30241B49-09D6-4C57-954C-129B229C803E}.Release|Any CPU.ActiveCfg = Release|Any CPU
		{30241B49-09D6-4C57-954C-129B229C803E}.Release|Any CPU.Build.0 = Release|Any CPU
		{ECE56495-AF80-4C14-9697-90B7E342D927}.Debug|Any CPU.ActiveCfg = Debug|Any CPU
		{ECE56495-AF80-4C14-9697-90B7E342D927}.Debug|Any CPU.Build.0 = Debug|Any CPU
		{ECE56495-AF80-4C14-9697-90B7E342D927}.Release|Any CPU.ActiveCfg = Release|Any CPU
		{ECE56495-AF80-4C14-9697-90B7E342D927}.Release|Any CPU.Build.0 = Release|Any CPU
		{7ECA19E7-8279-4742-8420-1069810503DA}.Debug|Any CPU.ActiveCfg = Debug|Any CPU
		{7ECA19E7-8279-4742-8420-1069810503DA}.Debug|Any CPU.Build.0 = Debug|Any CPU
		{7ECA19E7-8279-4742-8420-1069810503DA}.Release|Any CPU.ActiveCfg = Release|Any CPU
		{7ECA19E7-8279-4742-8420-1069810503DA}.Release|Any CPU.Build.0 = Release|Any CPU
		{6A2F8D93-02A0-4A58-B258-8DB7649BAE2B}.Debug|Any CPU.ActiveCfg = Debug|Any CPU
		{6A2F8D93-02A0-4A58-B258-8DB7649BAE2B}.Debug|Any CPU.Build.0 = Debug|Any CPU
		{6A2F8D93-02A0-4A58-B258-8DB7649BAE2B}.Release|Any CPU.ActiveCfg = Release|Any CPU
		{6A2F8D93-02A0-4A58-B258-8DB7649BAE2B}.Release|Any CPU.Build.0 = Release|Any CPU
		{5DEB8A73-6D5D-454B-8E29-8C9B1177BC23}.Debug|Any CPU.ActiveCfg = Debug|Any CPU
		{5DEB8A73-6D5D-454B-8E29-8C9B1177BC23}.Debug|Any CPU.Build.0 = Debug|Any CPU
		{5DEB8A73-6D5D-454B-8E29-8C9B1177BC23}.Release|Any CPU.ActiveCfg = Release|Any CPU
		{5DEB8A73-6D5D-454B-8E29-8C9B1177BC23}.Release|Any CPU.Build.0 = Release|Any CPU
	EndGlobalSection
	GlobalSection(SolutionProperties) = preSolution
		HideSolutionNode = FALSE
	EndGlobalSection
	GlobalSection(NestedProjects) = preSolution
		{0A1555DE-EFBD-41B0-85B0-B4343349A7F8} = {B238A4B9-E28E-4698-A56C-9D295EA18853}
		{F44CCAEC-26E8-4A63-8E18-966146F85C91} = {B238A4B9-E28E-4698-A56C-9D295EA18853}
		{398F4E1E-7E3B-471D-BBE6-587B67D94500} = {B238A4B9-E28E-4698-A56C-9D295EA18853}
		{B980FB98-FA43-46C2-AF64-887A57494B87} = {B238A4B9-E28E-4698-A56C-9D295EA18853}
		{9582AE44-8FA1-433A-82D0-CAB733C5F6C4} = {494E7C14-9EF3-40E3-9630-DBD6FAA13EAA}
		{3AEB2E00-D8A7-4A72-90CB-C3549C1A8AFF} = {494E7C14-9EF3-40E3-9630-DBD6FAA13EAA}
		{A5ABF48C-9E23-46E2-94C2-90A80D7DF4F8} = {494E7C14-9EF3-40E3-9630-DBD6FAA13EAA}
		{3EFF81ED-DD78-4823-9635-6AD640CEDBA1} = {494E7C14-9EF3-40E3-9630-DBD6FAA13EAA}
		{992CC30D-7868-498B-80C2-0EEC31A44010} = {494E7C14-9EF3-40E3-9630-DBD6FAA13EAA}
		{D303E895-3BCC-4FB1-921D-F5CE1F4F6C68} = {494E7C14-9EF3-40E3-9630-DBD6FAA13EAA}
		{F3158F73-6D2C-4B6F-A5EB-3E67586A61E1} = {494E7C14-9EF3-40E3-9630-DBD6FAA13EAA}
		{40805326-506E-49D1-B13E-65A68BB74298} = {494E7C14-9EF3-40E3-9630-DBD6FAA13EAA}
		{3F532CED-7D46-474A-934F-9101DC91CE49} = {494E7C14-9EF3-40E3-9630-DBD6FAA13EAA}
		{2F676007-6A21-4CD9-AB16-159350CC5FD6} = {494E7C14-9EF3-40E3-9630-DBD6FAA13EAA}
		{30241B49-09D6-4C57-954C-129B229C803E} = {494E7C14-9EF3-40E3-9630-DBD6FAA13EAA}
		{ECE56495-AF80-4C14-9697-90B7E342D927} = {494E7C14-9EF3-40E3-9630-DBD6FAA13EAA}
	EndGlobalSection
	GlobalSection(ExtensibilityGlobals) = postSolution
		SolutionGuid = {C9750D11-B189-4C5F-A1CE-66D38C922AC5}
	EndGlobalSection
EndGlobal
